// !$*UTF8*$!
{
	archiveVersion = 1;
	classes = {
	};
	objectVersion = 56;
	objects = {

/* Begin PBXBuildFile section */
		069930DE2CAD844900830CBA /* AppDelegate.swift in Sources */ = {isa = PBXBuildFile; fileRef = 069930DD2CAD844900830CBA /* AppDelegate.swift */; };
		069930E02CAD844900830CBA /* SceneDelegate.swift in Sources */ = {isa = PBXBuildFile; fileRef = 069930DF2CAD844900830CBA /* SceneDelegate.swift */; };
		069930E22CAD844900830CBA /* ViewController.swift in Sources */ = {isa = PBXBuildFile; fileRef = 069930E12CAD844900830CBA /* ViewController.swift */; };
		069930E52CAD844900830CBA /* Base in Resources */ = {isa = PBXBuildFile; fileRef = 069930E42CAD844900830CBA /* Base */; };
		069930E72CAD844B00830CBA /* Assets.xcassets in Resources */ = {isa = PBXBuildFile; fileRef = 069930E62CAD844B00830CBA /* Assets.xcassets */; };
		069930EA2CAD844B00830CBA /* Base in Resources */ = {isa = PBXBuildFile; fileRef = 069930E92CAD844B00830CBA /* Base */; };
		069930F32CAD85A000830CBA /* Hero in Frameworks */ = {isa = PBXBuildFile; productRef = 069930F22CAD85A000830CBA /* Hero */; };
		069930F62CAD8B8700830CBA /* SnapKit in Frameworks */ = {isa = PBXBuildFile; productRef = 069930F52CAD8B8700830CBA /* SnapKit */; };
		069930F82CAFD40700830CBA /* FirstPartVC.swift in Sources */ = {isa = PBXBuildFile; fileRef = 069930F72CAFD40700830CBA /* FirstPartVC.swift */; };
		069930FA2CAFD6A100830CBA /* ArrowsButtonView.swift in Sources */ = {isa = PBXBuildFile; fileRef = 069930F92CAFD6A100830CBA /* ArrowsButtonView.swift */; };
/* End PBXBuildFile section */

/* Begin PBXFileReference section */
		069930DA2CAD844900830CBA /* HeroTask.app */ = {isa = PBXFileReference; explicitFileType = wrapper.application; includeInIndex = 0; path = HeroTask.app; sourceTree = BUILT_PRODUCTS_DIR; };
		069930DD2CAD844900830CBA /* AppDelegate.swift */ = {isa = PBXFileReference; lastKnownFileType = sourcecode.swift; path = AppDelegate.swift; sourceTree = "<group>"; };
		069930DF2CAD844900830CBA /* SceneDelegate.swift */ = {isa = PBXFileReference; lastKnownFileType = sourcecode.swift; path = SceneDelegate.swift; sourceTree = "<group>"; };
		069930E12CAD844900830CBA /* ViewController.swift */ = {isa = PBXFileReference; lastKnownFileType = sourcecode.swift; path = ViewController.swift; sourceTree = "<group>"; };
		069930E42CAD844900830CBA /* Base */ = {isa = PBXFileReference; lastKnownFileType = file.storyboard; name = Base; path = Base.lproj/Main.storyboard; sourceTree = "<group>"; };
		069930E62CAD844B00830CBA /* Assets.xcassets */ = {isa = PBXFileReference; lastKnownFileType = folder.assetcatalog; path = Assets.xcassets; sourceTree = "<group>"; };
		069930E92CAD844B00830CBA /* Base */ = {isa = PBXFileReference; lastKnownFileType = file.storyboard; name = Base; path = Base.lproj/LaunchScreen.storyboard; sourceTree = "<group>"; };
		069930EB2CAD844B00830CBA /* Info.plist */ = {isa = PBXFileReference; lastKnownFileType = text.plist.xml; path = Info.plist; sourceTree = "<group>"; };
		069930F72CAFD40700830CBA /* FirstPartVC.swift */ = {isa = PBXFileReference; lastKnownFileType = sourcecode.swift; path = FirstPartVC.swift; sourceTree = "<group>"; };
		069930F92CAFD6A100830CBA /* ArrowsButtonView.swift */ = {isa = PBXFileReference; lastKnownFileType = sourcecode.swift; path = ArrowsButtonView.swift; sourceTree = "<group>"; };
/* End PBXFileReference section */

/* Begin PBXFrameworksBuildPhase section */
		069930D72CAD844900830CBA /* Frameworks */ = {
			isa = PBXFrameworksBuildPhase;
			buildActionMask = 2147483647;
			files = (
				069930F32CAD85A000830CBA /* Hero in Frameworks */,
				069930F62CAD8B8700830CBA /* SnapKit in Frameworks */,
			);
			runOnlyForDeploymentPostprocessing = 0;
		};
/* End PBXFrameworksBuildPhase section */

/* Begin PBXGroup section */
		069930D12CAD844900830CBA = {
			isa = PBXGroup;
			children = (
				069930DC2CAD844900830CBA /* HeroTask */,
				069930DB2CAD844900830CBA /* Products */,
			);
			sourceTree = "<group>";
		};
		069930DB2CAD844900830CBA /* Products */ = {
			isa = PBXGroup;
			children = (
				069930DA2CAD844900830CBA /* HeroTask.app */,
			);
			name = Products;
			sourceTree = "<group>";
		};
		069930DC2CAD844900830CBA /* HeroTask */ = {
			isa = PBXGroup;
			children = (
				069930DD2CAD844900830CBA /* AppDelegate.swift */,
				069930DF2CAD844900830CBA /* SceneDelegate.swift */,
				069930E12CAD844900830CBA /* ViewController.swift */,
				069930E32CAD844900830CBA /* Main.storyboard */,
				069930E62CAD844B00830CBA /* Assets.xcassets */,
				069930E82CAD844B00830CBA /* LaunchScreen.storyboard */,
				069930EB2CAD844B00830CBA /* Info.plist */,
				069930F72CAFD40700830CBA /* FirstPartVC.swift */,
				069930F92CAFD6A100830CBA /* ArrowsButtonView.swift */,
			);
			path = HeroTask;
			sourceTree = "<group>";
		};
/* End PBXGroup section */

/* Begin PBXNativeTarget section */
		069930D92CAD844900830CBA /* HeroTask */ = {
			isa = PBXNativeTarget;
			buildConfigurationList = 069930EE2CAD844B00830CBA /* Build configuration list for PBXNativeTarget "HeroTask" */;
			buildPhases = (
				069930D62CAD844900830CBA /* Sources */,
				069930D72CAD844900830CBA /* Frameworks */,
				069930D82CAD844900830CBA /* Resources */,
			);
			buildRules = (
			);
			dependencies = (
			);
			name = HeroTask;
			packageProductDependencies = (
				069930F22CAD85A000830CBA /* Hero */,
				069930F52CAD8B8700830CBA /* SnapKit */,
			);
			productName = HeroTask;
			productReference = 069930DA2CAD844900830CBA /* HeroTask.app */;
			productType = "com.apple.product-type.application";
		};
/* End PBXNativeTarget section */

/* Begin PBXProject section */
		069930D22CAD844900830CBA /* Project object */ = {
			isa = PBXProject;
			attributes = {
				BuildIndependentTargetsInParallel = 1;
				LastSwiftUpdateCheck = 1540;
				LastUpgradeCheck = 1540;
				TargetAttributes = {
					069930D92CAD844900830CBA = {
						CreatedOnToolsVersion = 15.4;
					};
				};
			};
			buildConfigurationList = 069930D52CAD844900830CBA /* Build configuration list for PBXProject "HeroTask" */;
			compatibilityVersion = "Xcode 14.0";
			developmentRegion = en;
			hasScannedForEncodings = 0;
			knownRegions = (
				en,
				Base,
			);
			mainGroup = 069930D12CAD844900830CBA;
			packageReferences = (
				069930F12CAD85A000830CBA /* XCRemoteSwiftPackageReference "Hero" */,
				069930F42CAD8B8700830CBA /* XCRemoteSwiftPackageReference "SnapKit" */,
			);
			productRefGroup = 069930DB2CAD844900830CBA /* Products */;
			projectDirPath = "";
			projectRoot = "";
			targets = (
				069930D92CAD844900830CBA /* HeroTask */,
			);
		};
/* End PBXProject section */

/* Begin PBXResourcesBuildPhase section */
		069930D82CAD844900830CBA /* Resources */ = {
			isa = PBXResourcesBuildPhase;
			buildActionMask = 2147483647;
			files = (
				069930E72CAD844B00830CBA /* Assets.xcassets in Resources */,
				069930EA2CAD844B00830CBA /* Base in Resources */,
				069930E52CAD844900830CBA /* Base in Resources */,
			);
			runOnlyForDeploymentPostprocessing = 0;
		};
/* End PBXResourcesBuildPhase section */

/* Begin PBXSourcesBuildPhase section */
		069930D62CAD844900830CBA /* Sources */ = {
			isa = PBXSourcesBuildPhase;
			buildActionMask = 2147483647;
			files = (
				069930FA2CAFD6A100830CBA /* ArrowsButtonView.swift in Sources */,
				069930F82CAFD40700830CBA /* FirstPartVC.swift in Sources */,
				069930E22CAD844900830CBA /* ViewController.swift in Sources */,
				069930DE2CAD844900830CBA /* AppDelegate.swift in Sources */,
				069930E02CAD844900830CBA /* SceneDelegate.swift in Sources */,
			);
			runOnlyForDeploymentPostprocessing = 0;
		};
/* End PBXSourcesBuildPhase section */

/* Begin PBXVariantGroup section */
		069930E32CAD844900830CBA /* Main.storyboard */ = {
			isa = PBXVariantGroup;
			children = (
				069930E42CAD844900830CBA /* Base */,
			);
			name = Main.storyboard;
			sourceTree = "<group>";
		};
		069930E82CAD844B00830CBA /* LaunchScreen.storyboard */ = {
			isa = PBXVariantGroup;
			children = (
				069930E92CAD844B00830CBA /* Base */,
			);
			name = LaunchScreen.storyboard;
			sourceTree = "<group>";
		};
/* End PBXVariantGroup section */

/* Begin XCBuildConfiguration section */
		069930EC2CAD844B00830CBA /* Debug */ = {
			isa = XCBuildConfiguration;
			buildSettings = {
				ALWAYS_SEARCH_USER_PATHS = NO;
				ASSETCATALOG_COMPILER_GENERATE_SWIFT_ASSET_SYMBOL_EXTENSIONS = YES;
				CLANG_ANALYZER_NONNULL = YES;
				CLANG_ANALYZER_NUMBER_OBJECT_CONVERSION = YES_AGGRESSIVE;
				CLANG_CXX_LANGUAGE_STANDARD = "gnu++20";
				CLANG_ENABLE_MODULES = YES;
				CLANG_ENABLE_OBJC_ARC = YES;
				CLANG_ENABLE_OBJC_WEAK = YES;
				CLANG_WARN_BLOCK_CAPTURE_AUTORELEASING = YES;
				CLANG_WARN_BOOL_CONVERSION = YES;
				CLANG_WARN_COMMA = YES;
				CLANG_WARN_CONSTANT_CONVERSION = YES;
				CLANG_WARN_DEPRECATED_OBJC_IMPLEMENTATIONS = YES;
				CLANG_WARN_DIRECT_OBJC_ISA_USAGE = YES_ERROR;
				CLANG_WARN_DOCUMENTATION_COMMENTS = YES;
				CLANG_WARN_EMPTY_BODY = YES;
				CLANG_WARN_ENUM_CONVERSION = YES;
				CLANG_WARN_INFINITE_RECURSION = YES;
				CLANG_WARN_INT_CONVERSION = YES;
				CLANG_WARN_NON_LITERAL_NULL_CONVERSION = YES;
				CLANG_WARN_OBJC_IMPLICIT_RETAIN_SELF = YES;
				CLANG_WARN_OBJC_LITERAL_CONVERSION = YES;
				CLANG_WARN_OBJC_ROOT_CLASS = YES_ERROR;
				CLANG_WARN_QUOTED_INCLUDE_IN_FRAMEWORK_HEADER = YES;
				CLANG_WARN_RANGE_LOOP_ANALYSIS = YES;
				CLANG_WARN_STRICT_PROTOTYPES = YES;
				CLANG_WARN_SUSPICIOUS_MOVE = YES;
				CLANG_WARN_UNGUARDED_AVAILABILITY = YES_AGGRESSIVE;
				CLANG_WARN_UNREACHABLE_CODE = YES;
				CLANG_WARN__DUPLICATE_METHOD_MATCH = YES;
				COPY_PHASE_STRIP = NO;
				DEBUG_INFORMATION_FORMAT = dwarf;
				ENABLE_STRICT_OBJC_MSGSEND = YES;
				ENABLE_TESTABILITY = YES;
				ENABLE_USER_SCRIPT_SANDBOXING = YES;
				GCC_C_LANGUAGE_STANDARD = gnu17;
				GCC_DYNAMIC_NO_PIC = NO;
				GCC_NO_COMMON_BLOCKS = YES;
				GCC_OPTIMIZATION_LEVEL = 0;
				GCC_PREPROCESSOR_DEFINITIONS = (
					"DEBUG=1",
					"$(inherited)",
				);
				GCC_WARN_64_TO_32_BIT_CONVERSION = YES;
				GCC_WARN_ABOUT_RETURN_TYPE = YES_ERROR;
				GCC_WARN_UNDECLARED_SELECTOR = YES;
				GCC_WARN_UNINITIALIZED_AUTOS = YES_AGGRESSIVE;
				GCC_WARN_UNUSED_FUNCTION = YES;
				GCC_WARN_UNUSED_VARIABLE = YES;
				IPHONEOS_DEPLOYMENT_TARGET = 17.5;
				LOCALIZATION_PREFERS_STRING_CATALOGS = YES;
				MTL_ENABLE_DEBUG_INFO = INCLUDE_SOURCE;
				MTL_FAST_MATH = YES;
				ONLY_ACTIVE_ARCH = YES;
				SDKROOT = iphoneos;
				SWIFT_ACTIVE_COMPILATION_CONDITIONS = "DEBUG $(inherited)";
				SWIFT_OPTIMIZATION_LEVEL = "-Onone";
			};
			name = Debug;
		};
		069930ED2CAD844B00830CBA /* Release */ = {
			isa = XCBuildConfiguration;
			buildSettings = {
				ALWAYS_SEARCH_USER_PATHS = NO;
				ASSETCATALOG_COMPILER_GENERATE_SWIFT_ASSET_SYMBOL_EXTENSIONS = YES;
				CLANG_ANALYZER_NONNULL = YES;
				CLANG_ANALYZER_NUMBER_OBJECT_CONVERSION = YES_AGGRESSIVE;
				CLANG_CXX_LANGUAGE_STANDARD = "gnu++20";
				CLANG_ENABLE_MODULES = YES;
				CLANG_ENABLE_OBJC_ARC = YES;
				CLANG_ENABLE_OBJC_WEAK = YES;
				CLANG_WARN_BLOCK_CAPTURE_AUTORELEASING = YES;
				CLANG_WARN_BOOL_CONVERSION = YES;
				CLANG_WARN_COMMA = YES;
				CLANG_WARN_CONSTANT_CONVERSION = YES;
				CLANG_WARN_DEPRECATED_OBJC_IMPLEMENTATIONS = YES;
				CLANG_WARN_DIRECT_OBJC_ISA_USAGE = YES_ERROR;
				CLANG_WARN_DOCUMENTATION_COMMENTS = YES;
				CLANG_WARN_EMPTY_BODY = YES;
				CLANG_WARN_ENUM_CONVERSION = YES;
				CLANG_WARN_INFINITE_RECURSION = YES;
				CLANG_WARN_INT_CONVERSION = YES;
				CLANG_WARN_NON_LITERAL_NULL_CONVERSION = YES;
				CLANG_WARN_OBJC_IMPLICIT_RETAIN_SELF = YES;
				CLANG_WARN_OBJC_LITERAL_CONVERSION = YES;
				CLANG_WARN_OBJC_ROOT_CLASS = YES_ERROR;
				CLANG_WARN_QUOTED_INCLUDE_IN_FRAMEWORK_HEADER = YES;
				CLANG_WARN_RANGE_LOOP_ANALYSIS = YES;
				CLANG_WARN_STRICT_PROTOTYPES = YES;
				CLANG_WARN_SUSPICIOUS_MOVE = YES;
				CLANG_WARN_UNGUARDED_AVAILABILITY = YES_AGGRESSIVE;
				CLANG_WARN_UNREACHABLE_CODE = YES;
				CLANG_WARN__DUPLICATE_METHOD_MATCH = YES;
				COPY_PHASE_STRIP = NO;
				DEBUG_INFORMATION_FORMAT = "dwarf-with-dsym";
				ENABLE_NS_ASSERTIONS = NO;
				ENABLE_STRICT_OBJC_MSGSEND = YES;
				ENABLE_USER_SCRIPT_SANDBOXING = YES;
				GCC_C_LANGUAGE_STANDARD = gnu17;
				GCC_NO_COMMON_BLOCKS = YES;
				GCC_WARN_64_TO_32_BIT_CONVERSION = YES;
				GCC_WARN_ABOUT_RETURN_TYPE = YES_ERROR;
				GCC_WARN_UNDECLARED_SELECTOR = YES;
				GCC_WARN_UNINITIALIZED_AUTOS = YES_AGGRESSIVE;
				GCC_WARN_UNUSED_FUNCTION = YES;
				GCC_WARN_UNUSED_VARIABLE = YES;
				IPHONEOS_DEPLOYMENT_TARGET = 17.5;
				LOCALIZATION_PREFERS_STRING_CATALOGS = YES;
				MTL_ENABLE_DEBUG_INFO = NO;
				MTL_FAST_MATH = YES;
				SDKROOT = iphoneos;
				SWIFT_COMPILATION_MODE = wholemodule;
				VALIDATE_PRODUCT = YES;
			};
			name = Release;
		};
		069930EF2CAD844B00830CBA /* Debug */ = {
			isa = XCBuildConfiguration;
			buildSettings = {
				ASSETCATALOG_COMPILER_APPICON_NAME = AppIcon;
				ASSETCATALOG_COMPILER_GLOBAL_ACCENT_COLOR_NAME = AccentColor;
				CODE_SIGN_STYLE = Automatic;
				CURRENT_PROJECT_VERSION = 1;
				DEVELOPMENT_TEAM = 5449ULDJ2H;
				GENERATE_INFOPLIST_FILE = YES;
				INFOPLIST_FILE = HeroTask/Info.plist;
				INFOPLIST_KEY_UIApplicationSupportsIndirectInputEvents = YES;
				INFOPLIST_KEY_UILaunchStoryboardName = LaunchScreen;
				INFOPLIST_KEY_UIMainStoryboardFile = Main;
				INFOPLIST_KEY_UISupportedInterfaceOrientations_iPad = "UIInterfaceOrientationPortrait UIInterfaceOrientationPortraitUpsideDown UIInterfaceOrientationLandscapeLeft UIInterfaceOrientationLandscapeRight";
				INFOPLIST_KEY_UISupportedInterfaceOrientations_iPhone = "UIInterfaceOrientationPortrait UIInterfaceOrientationLandscapeLeft UIInterfaceOrientationLandscapeRight";
				LD_RUNPATH_SEARCH_PATHS = (
					"$(inherited)",
					"@executable_path/Frameworks",
				);
				MARKETING_VERSION = 1.0;
				PRODUCT_BUNDLE_IDENTIFIER = com.firatguler.HeroTask;
				PRODUCT_NAME = "$(TARGET_NAME)";
				SUPPORTED_PLATFORMS = "iphoneos iphonesimulator";
				SUPPORTS_MACCATALYST = NO;
				SUPPORTS_MAC_DESIGNED_FOR_IPHONE_IPAD = NO;
				SUPPORTS_XR_DESIGNED_FOR_IPHONE_IPAD = NO;
				SWIFT_EMIT_LOC_STRINGS = YES;
				SWIFT_VERSION = 5.0;
				TARGETED_DEVICE_FAMILY = "1,2";
			};
			name = Debug;
		};
		069930F02CAD844B00830CBA /* Release */ = {
			isa = XCBuildConfiguration;
			buildSettings = {
				ASSETCATALOG_COMPILER_APPICON_NAME = AppIcon;
				ASSETCATALOG_COMPILER_GLOBAL_ACCENT_COLOR_NAME = AccentColor;
				CODE_SIGN_STYLE = Automatic;
				CURRENT_PROJECT_VERSION = 1;
				DEVELOPMENT_TEAM = 5449ULDJ2H;
				GENERATE_INFOPLIST_FILE = YES;
				INFOPLIST_FILE = HeroTask/Info.plist;
				INFOPLIST_KEY_UIApplicationSupportsIndirectInputEvents = YES;
				INFOPLIST_KEY_UILaunchStoryboardName = LaunchScreen;
				INFOPLIST_KEY_UIMainStoryboardFile = Main;
				INFOPLIST_KEY_UISupportedInterfaceOrientations_iPad = "UIInterfaceOrientationPortrait UIInterfaceOrientationPortraitUpsideDown UIInterfaceOrientationLandscapeLeft UIInterfaceOrientationLandscapeRight";
				INFOPLIST_KEY_UISupportedInterfaceOrientations_iPhone = "UIInterfaceOrientationPortrait UIInterfaceOrientationLandscapeLeft UIInterfaceOrientationLandscapeRight";
				LD_RUNPATH_SEARCH_PATHS = (
					"$(inherited)",
					"@executable_path/Frameworks",
				);
				MARKETING_VERSION = 1.0;
				PRODUCT_BUNDLE_IDENTIFIER = com.firatguler.HeroTask;
				PRODUCT_NAME = "$(TARGET_NAME)";
				SUPPORTED_PLATFORMS = "iphoneos iphonesimulator";
				SUPPORTS_MACCATALYST = NO;
				SUPPORTS_MAC_DESIGNED_FOR_IPHONE_IPAD = NO;
				SUPPORTS_XR_DESIGNED_FOR_IPHONE_IPAD = NO;
				SWIFT_EMIT_LOC_STRINGS = YES;
				SWIFT_VERSION = 5.0;
				TARGETED_DEVICE_FAMILY = "1,2";
			};
			name = Release;
		};
/* End XCBuildConfiguration section */

/* Begin XCConfigurationList section */
		069930D52CAD844900830CBA /* Build configuration list for PBXProject "HeroTask" */ = {
			isa = XCConfigurationList;
			buildConfigurations = (
				069930EC2CAD844B00830CBA /* Debug */,
				069930ED2CAD844B00830CBA /* Release */,
			);
			defaultConfigurationIsVisible = 0;
			defaultConfigurationName = Release;
		};
		069930EE2CAD844B00830CBA /* Build configuration list for PBXNativeTarget "HeroTask" */ = {
			isa = XCConfigurationList;
			buildConfigurations = (
				069930EF2CAD844B00830CBA /* Debug */,
				069930F02CAD844B00830CBA /* Release */,
			);
			defaultConfigurationIsVisible = 0;
			defaultConfigurationName = Release;
		};
/* End XCConfigurationList section */

/* Begin XCRemoteSwiftPackageReference section */
		069930F12CAD85A000830CBA /* XCRemoteSwiftPackageReference "Hero" */ = {
			isa = XCRemoteSwiftPackageReference;
			repositoryURL = "https://github.com/HeroTransitions/Hero.git";
			requirement = {
				kind = upToNextMajorVersion;
				minimumVersion = 1.6.3;
			};
		};
		069930F42CAD8B8700830CBA /* XCRemoteSwiftPackageReference "SnapKit" */ = {
			isa = XCRemoteSwiftPackageReference;
			repositoryURL = "https://github.com/SnapKit/SnapKit.git";
			requirement = {
				kind = upToNextMajorVersion;
				minimumVersion = 5.7.1;
			};
		};
/* End XCRemoteSwiftPackageReference section */

/* Begin XCSwiftPackageProductDependency section */
		069930F22CAD85A000830CBA /* Hero */ = {
			isa = XCSwiftPackageProductDependency;
			package = 069930F12CAD85A000830CBA /* XCRemoteSwiftPackageReference "Hero" */;
			productName = Hero;
		};
		069930F52CAD8B8700830CBA /* SnapKit */ = {
			isa = XCSwiftPackageProductDependency;
			package = 069930F42CAD8B8700830CBA /* XCRemoteSwiftPackageReference "SnapKit" */;
			productName = SnapKit;
		};
/* End XCSwiftPackageProductDependency section */
	};
	rootObject = 069930D22CAD844900830CBA /* Project object */;
}
